
Microsoft Visual Studio Solution File, Format Version 12.00
# Visual Studio 15
VisualStudioVersion = 15.0.27703.2026
MinimumVisualStudioVersion = 10.0.40219.1
Project("{FAE04EC0-301F-11D3-BF4B-00C04F79EFBC}") = "tcs.adapter", "tcs.adapter\tcs.adapter.csproj", "{67FCF03A-2677-4115-8E0A-C563A6B9D28F}"
EndProject
Project("{2150E333-8FDC-42A3-9474-1A3956D46DE8}") = "Lib", "Lib", "{90816D0F-E83A-4BC1-93A3-84C848E65008}"
EndProject
Project("{FAE04EC0-301F-11D3-BF4B-00C04F79EFBC}") = "tcs.crm", "tcs.crm\tcs.crm.csproj", "{E310B74E-F450-4083-A234-B1CDA1705DDE}"
EndProject
Project("{2150E333-8FDC-42A3-9474-1A3956D46DE8}") = "BO", "BO", "{9BF046F9-A086-447F-B391-176732CE5CA4}"
EndProject
Project("{2150E333-8FDC-42A3-9474-1A3956D46DE8}") = "DAO", "DAO", "{64F23423-D646-4FC2-BEEB-D9A44A71F6C5}"
EndProject
Project("{FAE04EC0-301F-11D3-BF4B-00C04F79EFBC}") = "tcs.bo", "tcs.bo\tcs.bo.csproj", "{AA32E52D-5523-43D5-A232-B7D0F66ABC3F}"
EndProject
Project("{FAE04EC0-301F-11D3-BF4B-00C04F79EFBC}") = "tcs.dao", "tcs.dao\tcs.dao.csproj", "{D37A144F-A368-4869-946F-E1A7666F3D7E}"
EndProject
Project("{FAE04EC0-301F-11D3-BF4B-00C04F79EFBC}") = "tcs.lib", "tcs.lib\tcs.lib.csproj", "{4592D248-DB23-453E-BF3C-99CE917120EE}"
EndProject
Project("{2150E333-8FDC-42A3-9474-1A3956D46DE8}") = "Tool", "Tool", "{09D51567-15A7-4A66-93E8-8E2017D3600B}"
EndProject
Project("{FAE04EC0-301F-11D3-BF4B-00C04F79EFBC}") = "taiminh", "Tool\taiminh\taiminh.csproj", "{C1C465D8-7377-48E0-9783-4D057B9AE4BB}"
EndProject
Project("{FAE04EC0-301F-11D3-BF4B-00C04F79EFBC}") = "tcs.api", "tcs.api\tcs.api.csproj", "{FBA28C73-9CB7-44F1-B2A6-EFA4E7E8A4C7}"
EndProject
Project("{FAE04EC0-301F-11D3-BF4B-00C04F79EFBC}") = "Notify", "Tool\Notify\Notify.csproj", "{594E35A6-34F6-4685-8C75-BF97E15EE44F}"
EndProject
Global
	GlobalSection(SolutionConfigurationPlatforms) = preSolution
		Debug|Any CPU = Debug|Any CPU
		Release|Any CPU = Release|Any CPU
	EndGlobalSection
	GlobalSection(ProjectConfigurationPlatforms) = postSolution
		{67FCF03A-2677-4115-8E0A-C563A6B9D28F}.Debug|Any CPU.ActiveCfg = Debug|Any CPU
		{67FCF03A-2677-4115-8E0A-C563A6B9D28F}.Debug|Any CPU.Build.0 = Debug|Any CPU
		{67FCF03A-2677-4115-8E0A-C563A6B9D28F}.Release|Any CPU.ActiveCfg = Release|Any CPU
		{67FCF03A-2677-4115-8E0A-C563A6B9D28F}.Release|Any CPU.Build.0 = Release|Any CPU
		{E310B74E-F450-4083-A234-B1CDA1705DDE}.Debug|Any CPU.ActiveCfg = Debug|Any CPU
		{E310B74E-F450-4083-A234-B1CDA1705DDE}.Debug|Any CPU.Build.0 = Debug|Any CPU
		{E310B74E-F450-4083-A234-B1CDA1705DDE}.Release|Any CPU.ActiveCfg = Release|Any CPU
		{E310B74E-F450-4083-A234-B1CDA1705DDE}.Release|Any CPU.Build.0 = Release|Any CPU
		{AA32E52D-5523-43D5-A232-B7D0F66ABC3F}.Debug|Any CPU.ActiveCfg = Debug|Any CPU
		{AA32E52D-5523-43D5-A232-B7D0F66ABC3F}.Debug|Any CPU.Build.0 = Debug|Any CPU
		{AA32E52D-5523-43D5-A232-B7D0F66ABC3F}.Release|Any CPU.ActiveCfg = Release|Any CPU
		{AA32E52D-5523-43D5-A232-B7D0F66ABC3F}.Release|Any CPU.Build.0 = Release|Any CPU
		{D37A144F-A368-4869-946F-E1A7666F3D7E}.Debug|Any CPU.ActiveCfg = Debug|Any CPU
		{D37A144F-A368-4869-946F-E1A7666F3D7E}.Debug|Any CPU.Build.0 = Debug|Any CPU
		{D37A144F-A368-4869-946F-E1A7666F3D7E}.Release|Any CPU.ActiveCfg = Release|Any CPU
		{D37A144F-A368-4869-946F-E1A7666F3D7E}.Release|Any CPU.Build.0 = Release|Any CPU
		{4592D248-DB23-453E-BF3C-99CE917120EE}.Debug|Any CPU.ActiveCfg = Debug|Any CPU
		{4592D248-DB23-453E-BF3C-99CE917120EE}.Debug|Any CPU.Build.0 = Debug|Any CPU
		{4592D248-DB23-453E-BF3C-99CE917120EE}.Release|Any CPU.ActiveCfg = Release|Any CPU
		{4592D248-DB23-453E-BF3C-99CE917120EE}.Release|Any CPU.Build.0 = Release|Any CPU
		{C1C465D8-7377-48E0-9783-4D057B9AE4BB}.Debug|Any CPU.ActiveCfg = Debug|Any CPU
		{C1C465D8-7377-48E0-9783-4D057B9AE4BB}.Debug|Any CPU.Build.0 = Debug|Any CPU
		{C1C465D8-7377-48E0-9783-4D057B9AE4BB}.Release|Any CPU.ActiveCfg = Release|Any CPU
		{C1C465D8-7377-48E0-9783-4D057B9AE4BB}.Release|Any CPU.Build.0 = Release|Any CPU
		{FBA28C73-9CB7-44F1-B2A6-EFA4E7E8A4C7}.Debug|Any CPU.ActiveCfg = Debug|Any CPU
		{FBA28C73-9CB7-44F1-B2A6-EFA4E7E8A4C7}.Debug|Any CPU.Build.0 = Debug|Any CPU
		{FBA28C73-9CB7-44F1-B2A6-EFA4E7E8A4C7}.Release|Any CPU.ActiveCfg = Release|Any CPU
		{FBA28C73-9CB7-44F1-B2A6-EFA4E7E8A4C7}.Release|Any CPU.Build.0 = Release|Any CPU
		{594E35A6-34F6-4685-8C75-BF97E15EE44F}.Debug|Any CPU.ActiveCfg = Debug|Any CPU
		{594E35A6-34F6-4685-8C75-BF97E15EE44F}.Debug|Any CPU.Build.0 = Debug|Any CPU
		{594E35A6-34F6-4685-8C75-BF97E15EE44F}.Release|Any CPU.ActiveCfg = Release|Any CPU
		{594E35A6-34F6-4685-8C75-BF97E15EE44F}.Release|Any CPU.Build.0 = Release|Any CPU
	EndGlobalSection
	GlobalSection(SolutionProperties) = preSolution
		HideSolutionNode = FALSE
	EndGlobalSection
	GlobalSection(NestedProjects) = preSolution
		{67FCF03A-2677-4115-8E0A-C563A6B9D28F} = {90816D0F-E83A-4BC1-93A3-84C848E65008}
		{AA32E52D-5523-43D5-A232-B7D0F66ABC3F} = {9BF046F9-A086-447F-B391-176732CE5CA4}
		{D37A144F-A368-4869-946F-E1A7666F3D7E} = {64F23423-D646-4FC2-BEEB-D9A44A71F6C5}
		{4592D248-DB23-453E-BF3C-99CE917120EE} = {90816D0F-E83A-4BC1-93A3-84C848E65008}
		{C1C465D8-7377-48E0-9783-4D057B9AE4BB} = {09D51567-15A7-4A66-93E8-8E2017D3600B}
		{594E35A6-34F6-4685-8C75-BF97E15EE44F} = {09D51567-15A7-4A66-93E8-8E2017D3600B}
	EndGlobalSection
	GlobalSection(ExtensibilityGlobals) = postSolution
		SolutionGuid = {1F903AF8-6226-489C-AC25-1109989D034F}
	EndGlobalSection
EndGlobal
